<?xml version="1.0" encoding="utf-8"?>
<Project ToolsVersion="4.0" xmlns="http://schemas.microsoft.com/developer/msbuild/2003">
  <ItemGroup>
    <ClCompile Include="GameManager.cpp">
      <Filter>Source Files</Filter>
    </ClCompile>
    <ClCompile Include="main.cpp">
      <Filter>Source Files</Filter>
    </ClCompile>
    <ClCompile Include="StateMachine.cpp">
      <Filter>Source Files</Filter>
    </ClCompile>
    <ClCompile Include="GameMenu.cpp">
      <Filter>Source Files</Filter>
    </ClCompile>
    <ClCompile Include="AssetManager.cpp">
      <Filter>Source Files</Filter>
    </ClCompile>
    <ClCompile Include="GameState_7x6.cpp">
      <Filter>Source Files</Filter>
    </ClCompile>
    <ClCompile Include="InputManager.cpp">
      <Filter>Source Files</Filter>
    </ClCompile>
    <ClCompile Include="GameState_4x4.cpp">
      <Filter>Source Files</Filter>
    </ClCompile>
    <ClCompile Include="GameState_21x18.cpp">
      <Filter>Source Files</Filter>
    </ClCompile>
    <ClCompile Include="GameState_14x12.cpp">
      <Filter>Source Files</Filter>
    </ClCompile>
    <ClCompile Include="PlayerUser.cpp">
      <Filter>Source Files</Filter>
    </ClCompile>
    <ClCompile Include="Player.cpp">
      <Filter>Source Files</Filter>
    </ClCompile>
  </ItemGroup>
  <ItemGroup>
    <Filter Include="Header Files">
      <UniqueIdentifier>{70c47c4c-ce24-4184-82fb-5597c2748966}</UniqueIdentifier>
    </Filter>
    <Filter Include="Source Files">
      <UniqueIdentifier>{183959a7-9f2f-423b-a60c-b60456b92ce6}</UniqueIdentifier>
    </Filter>
    <Filter Include="Resource">
      <UniqueIdentifier>{66832c9e-5a62-46a5-86c3-eeae39463d11}</UniqueIdentifier>
    </Filter>
  </ItemGroup>
  <ItemGroup>
    <ClInclude Include="GameManager.hpp">
      <Filter>Header Files</Filter>
    </ClInclude>
    <ClInclude Include="State.hpp">
      <Filter>Header Files</Filter>
    </ClInclude>
    <ClInclude Include="StateMachine.hpp">
      <Filter>Header Files</Filter>
    </ClInclude>
    <ClInclude Include="GameMenuState.hpp">
      <Filter>Header Files</Filter>
    </ClInclude>
    <ClInclude Include="GameState.hpp">
      <Filter>Header Files</Filter>
    </ClInclude>
    <ClInclude Include="AssetManager.hpp">
      <Filter>Header Files</Filter>
    </ClInclude>
    <ClInclude Include="DEFINITIONS.hpp">
      <Filter>Header Files</Filter>
    </ClInclude>
    <ClInclude Include="InputManager.hpp">
      <Filter>Header Files</Filter>
    </ClInclude>
    <ClInclude Include="Player.hpp">
      <Filter>Header Files</Filter>
    </ClInclude>
    <ClInclude Include="PlayerUser.hpp">
      <Filter>Header Files</Filter>
    </ClInclude>
  </ItemGroup>
  <ItemGroup>
    <Image Include="Resourses\grid.png">
      <Filter>Resource</Filter>
    </Image>
    <Image Include="Resourses\blue_disc.png">
      <Filter>Resource</Filter>
    </Image>
    <Image Include="Resourses\red_disc.png">
      <Filter>Resource</Filter>
    </Image>
    <Image Include="Resourses\empty_disc.png">
      <Filter>Resource</Filter>
    </Image>
    <Image Include="Resourses\blue_disc_small.png">
      <Filter>Resource</Filter>
    </Image>
    <Image Include="Resourses\red_disc_small.png">
      <Filter>Resource</Filter>
    </Image>
    <Image Include="Resourses\empty_small_disc.png">
      <Filter>Resource</Filter>
    </Image>
    <Image Include="Resourses\blue_win_disc.png">
      <Filter>Resource</Filter>
    </Image>
    <Image Include="Resourses\blue_win_disc_small.png">
      <Filter>Resource</Filter>
    </Image>
    <Image Include="Resourses\red_win_disc.png">
      <Filter>Resource</Filter>
    </Image>
    <Image Include="Resourses\red_win_disc_small.png">
      <Filter>Resource</Filter>
    </Image>
  </ItemGroup>
  <ItemGroup>
    <CudaCompile Include="kernel.cu">
      <Filter>Source Files</Filter>
    </CudaCompile>
  </ItemGroup>
</Project>