<?xml version="1.0" encoding="utf-8"?>
<Project ToolsVersion="4.0" xmlns="http://schemas.microsoft.com/developer/msbuild/2003">
  <ItemGroup>
    <ClCompile Include="main.cpp">
      <Filter>Source Files</Filter>
    </ClCompile>
    <ClCompile Include="AssetManager.cpp">
      <Filter>Source Files\Game Engine Source Files</Filter>
    </ClCompile>
    <ClCompile Include="GameManager.cpp">
      <Filter>Source Files\Game Engine Source Files</Filter>
    </ClCompile>
    <ClCompile Include="GameMenu.cpp">
      <Filter>Source Files\Game Engine Source Files</Filter>
    </ClCompile>
    <ClCompile Include="InputManager.cpp">
      <Filter>Source Files\Game Engine Source Files</Filter>
    </ClCompile>
    <ClCompile Include="StateMachine.cpp">
      <Filter>Source Files\Game Engine Source Files</Filter>
    </ClCompile>
    <ClCompile Include="GameFuncInC.c">
      <Filter>Source Files\Gameplay Source Files\C Source Files</Filter>
    </ClCompile>
    <ClCompile Include="LeftMoveInC.c">
      <Filter>Source Files\Gameplay Source Files\C Source Files</Filter>
    </ClCompile>
    <ClCompile Include="MiniMaxRowEvalInC.c">
      <Filter>Source Files\Gameplay Source Files\C Source Files</Filter>
    </ClCompile>
    <ClCompile Include="RandomMoveInC.c">
      <Filter>Source Files\Gameplay Source Files\C Source Files</Filter>
    </ClCompile>
    <ClCompile Include="RightMoveInC.c">
      <Filter>Source Files\Gameplay Source Files\C Source Files</Filter>
    </ClCompile>
    <ClCompile Include="RowEvalInC.c">
      <Filter>Source Files\Gameplay Source Files\C Source Files</Filter>
    </ClCompile>
    <ClCompile Include="SameColumnMoveInC.c">
      <Filter>Source Files\Gameplay Source Files\C Source Files</Filter>
    </ClCompile>
    <ClCompile Include="SymmetricMoveInC.c">
      <Filter>Source Files\Gameplay Source Files\C Source Files</Filter>
    </ClCompile>
    <ClCompile Include="GameState.cpp">
      <Filter>Source Files\Gameplay Source Files\C++ Source Files</Filter>
    </ClCompile>
    <ClCompile Include="GameState_4x4.cpp">
      <Filter>Source Files\Gameplay Source Files\C++ Source Files</Filter>
    </ClCompile>
    <ClCompile Include="GameState_7x6.cpp">
      <Filter>Source Files\Gameplay Source Files\C++ Source Files</Filter>
    </ClCompile>
    <ClCompile Include="GameState_14x12.cpp">
      <Filter>Source Files\Gameplay Source Files\C++ Source Files</Filter>
    </ClCompile>
    <ClCompile Include="GameState_21x18.cpp">
      <Filter>Source Files\Gameplay Source Files\C++ Source Files</Filter>
    </ClCompile>
    <ClCompile Include="Player.cpp">
      <Filter>Source Files\Gameplay Source Files\C++ Source Files</Filter>
    </ClCompile>
    <ClCompile Include="PlayerCopy.cpp">
      <Filter>Source Files\Gameplay Source Files\C++ Source Files</Filter>
    </ClCompile>
    <ClCompile Include="PlayerLeft.cpp">
      <Filter>Source Files\Gameplay Source Files\C++ Source Files</Filter>
    </ClCompile>
    <ClCompile Include="PlayerMiniMaxRowEval.cpp">
      <Filter>Source Files\Gameplay Source Files\C++ Source Files</Filter>
    </ClCompile>
    <ClCompile Include="PlayerNaiveRowEval.cpp">
      <Filter>Source Files\Gameplay Source Files\C++ Source Files</Filter>
    </ClCompile>
    <ClCompile Include="PlayerRandom.cpp">
      <Filter>Source Files\Gameplay Source Files\C++ Source Files</Filter>
    </ClCompile>
    <ClCompile Include="PlayerRight.cpp">
      <Filter>Source Files\Gameplay Source Files\C++ Source Files</Filter>
    </ClCompile>
    <ClCompile Include="PlayerSymmetric.cpp">
      <Filter>Source Files\Gameplay Source Files\C++ Source Files</Filter>
    </ClCompile>
    <ClCompile Include="PlayerUser.cpp">
      <Filter>Source Files\Gameplay Source Files\C++ Source Files</Filter>
    </ClCompile>
    <ClCompile Include="NaiveRowEvalMoveInC.c">
      <Filter>Source Files\Gameplay Source Files\C Source Files</Filter>
    </ClCompile>
    <ClCompile Include="PlayerMiniMaxRowEvalDepth5.cpp">
      <Filter>Source Files\Gameplay Source Files\C++ Source Files</Filter>
    </ClCompile>
    <ClCompile Include="PlayerMiniMaxRowEvalDepth10.cpp">
      <Filter>Source Files\Gameplay Source Files\C++ Source Files</Filter>
    </ClCompile>
    <ClCompile Include="MiniMaxABRowEvalInC.c">
      <Filter>Source Files\Gameplay Source Files\C Source Files</Filter>
    </ClCompile>
    <ClCompile Include="PlayerMiniMaxABRowEval.cpp">
      <Filter>Source Files\Gameplay Source Files\C++ Source Files</Filter>
    </ClCompile>
    <ClCompile Include="PlayerMiniMaxABRowEvalDepth5.cpp">
      <Filter>Source Files\Gameplay Source Files\C++ Source Files</Filter>
    </ClCompile>
    <ClCompile Include="PlayerMiniMaxABRowEvalDepth10.cpp">
      <Filter>Source Files\Gameplay Source Files\C++ Source Files</Filter>
    </ClCompile>
    <ClCompile Include="NegaMaxRowEvalInC.c">
      <Filter>Source Files\Gameplay Source Files\C Source Files</Filter>
    </ClCompile>
    <ClCompile Include="PlayerNegaMaxRowEval.cpp">
      <Filter>Source Files\Gameplay Source Files\C++ Source Files</Filter>
    </ClCompile>
    <ClCompile Include="Weight1EvalInC.c">
      <Filter>Source Files\Gameplay Source Files\C Source Files</Filter>
    </ClCompile>
    <ClCompile Include="HeuristicsWeights.c">
      <Filter>Source Files\Gameplay Source Files\C Source Files</Filter>
    </ClCompile>
    <ClCompile Include="Weight2EvalInC.c">
      <Filter>Source Files\Gameplay Source Files\C Source Files</Filter>
    </ClCompile>
    <ClCompile Include="Weight3EvalInC.c">
      <Filter>Source Files\Gameplay Source Files\C Source Files</Filter>
    </ClCompile>
    <ClCompile Include="RowWithWeight1Eval.c">
      <Filter>Source Files\Gameplay Source Files\C Source Files</Filter>
    </ClCompile>
    <ClCompile Include="RowWithWeight2Eval.c">
      <Filter>Source Files\Gameplay Source Files\C Source Files</Filter>
    </ClCompile>
    <ClCompile Include="RowWithWeight3Eval.c">
      <Filter>Source Files\Gameplay Source Files\C Source Files</Filter>
    </ClCompile>
    <ClCompile Include="NaiveWeight1EvalMoveInC.c">
      <Filter>Source Files\Gameplay Source Files\C Source Files</Filter>
    </ClCompile>
    <ClCompile Include="NegaMaxABRowEvalInC.c">
      <Filter>Source Files\Gameplay Source Files\C Source Files</Filter>
    </ClCompile>
    <ClCompile Include="PlayerNegaMaxABRowEval.cpp">
      <Filter>Source Files\Gameplay Source Files\C++ Source Files</Filter>
    </ClCompile>
    <ClCompile Include="MiniMaxOpenMPRowEvalInC.c">
      <Filter>Source Files\Gameplay Source Files\C Source Files</Filter>
    </ClCompile>
    <ClCompile Include="GameFuncInOpenMP.c">
      <Filter>Source Files\Gameplay Source Files\C Source Files</Filter>
    </ClCompile>
    <ClCompile Include="GameState_8x8.cpp">
      <Filter>Source Files\Gameplay Source Files\C++ Source Files</Filter>
    </ClCompile>
    <ClCompile Include="GameState_7x4.cpp">
      <Filter>Source Files\Gameplay Source Files\C++ Source Files</Filter>
    </ClCompile>
    <ClCompile Include="GameState_4x7.cpp">
      <Filter>Source Files\Gameplay Source Files\C++ Source Files</Filter>
    </ClCompile>
    <ClCompile Include="GameState_6x7.cpp">
      <Filter>Source Files\Gameplay Source Files\C++ Source Files</Filter>
    </ClCompile>
    <ClCompile Include="GameState_12x14.cpp">
      <Filter>Source Files\Gameplay Source Files\C++ Source Files</Filter>
    </ClCompile>
    <ClCompile Include="PlayerNaiveWeight1Eval.cpp">
      <Filter>Source Files\Gameplay Source Files\C++ Source Files</Filter>
    </ClCompile>
    <ClCompile Include="NaiveWeight2EvalMoveInC.c">
      <Filter>Source Files\Gameplay Source Files\C Source Files</Filter>
    </ClCompile>
    <ClCompile Include="PlayerNaiveWeight2Eval.cpp">
      <Filter>Source Files\Gameplay Source Files\C++ Source Files</Filter>
    </ClCompile>
    <ClCompile Include="NaiveWeight3EvalMoveInC.c">
      <Filter>Source Files\Gameplay Source Files\C Source Files</Filter>
    </ClCompile>
    <ClCompile Include="PlayerNaiveWeight3Eval.cpp">
      <Filter>Source Files\Gameplay Source Files\C++ Source Files</Filter>
    </ClCompile>
    <ClCompile Include="NaiveRowWeight1EvalMoveInC.c">
      <Filter>Source Files\Gameplay Source Files\C Source Files</Filter>
    </ClCompile>
    <ClCompile Include="PlayerNaiveRowWeight1Eval.cpp">
      <Filter>Source Files\Gameplay Source Files\C++ Source Files</Filter>
    </ClCompile>
    <ClCompile Include="NaiveRowWeight2EvalMoveInC.c">
      <Filter>Source Files\Gameplay Source Files\C Source Files</Filter>
    </ClCompile>
    <ClCompile Include="PlayerNaiveRowWeight2Eval.cpp">
      <Filter>Source Files\Gameplay Source Files\C++ Source Files</Filter>
    </ClCompile>
    <ClCompile Include="NaiveRowWeight3EvalMoveInC.c">
      <Filter>Source Files\Gameplay Source Files\C Source Files</Filter>
    </ClCompile>
    <ClCompile Include="PlayerNaiveRowWeight3Eval.cpp">
      <Filter>Source Files\Gameplay Source Files\C++ Source Files</Filter>
    </ClCompile>
    <ClCompile Include="MiniMaxWeight1EvalInC.c">
      <Filter>Source Files\Gameplay Source Files\C Source Files</Filter>
    </ClCompile>
    <ClCompile Include="PlayerMiniMaxWeight1Eval.cpp">
      <Filter>Source Files\Gameplay Source Files\C++ Source Files</Filter>
    </ClCompile>
    <ClCompile Include="PlayerMiniMaxWeight1EvalDepth5.cpp">
      <Filter>Source Files\Gameplay Source Files\C++ Source Files</Filter>
    </ClCompile>
    <ClCompile Include="PlayerMiniMaxWeight1EvalDepth10.cpp">
      <Filter>Source Files\Gameplay Source Files\C++ Source Files</Filter>
    </ClCompile>
    <ClCompile Include="MiniMaxWeight2EvalInC.c">
      <Filter>Source Files\Gameplay Source Files\C Source Files</Filter>
    </ClCompile>
    <ClCompile Include="PlayerMiniMaxWeight2Eval.cpp">
      <Filter>Source Files\Gameplay Source Files\C++ Source Files</Filter>
    </ClCompile>
    <ClCompile Include="PlayerMiniMaxWeight2EvalDepth5.cpp">
      <Filter>Source Files\Gameplay Source Files\C++ Source Files</Filter>
    </ClCompile>
    <ClCompile Include="PlayerMiniMaxWeight2EvalDepth10.cpp">
      <Filter>Source Files\Gameplay Source Files\C++ Source Files</Filter>
    </ClCompile>
    <ClCompile Include="MiniMaxWeight3EvalInC.c">
      <Filter>Source Files\Gameplay Source Files\C Source Files</Filter>
    </ClCompile>
    <ClCompile Include="PlayerMiniMaxWeight3Eval.cpp">
      <Filter>Source Files\Gameplay Source Files\C++ Source Files</Filter>
    </ClCompile>
    <ClCompile Include="PlayerMiniMaxWeight3EvalDepth5.cpp">
      <Filter>Source Files\Gameplay Source Files\C++ Source Files</Filter>
    </ClCompile>
    <ClCompile Include="PlayerMiniMaxWeight3EvalDepth10.cpp">
      <Filter>Source Files\Gameplay Source Files\C++ Source Files</Filter>
    </ClCompile>
    <ClCompile Include="MiniMaxRowWeight1EvalInC.c">
      <Filter>Source Files\Gameplay Source Files\C Source Files</Filter>
    </ClCompile>
    <ClCompile Include="MiniMaxRowWeight2EvalInC.c">
      <Filter>Source Files\Gameplay Source Files\C Source Files</Filter>
    </ClCompile>
    <ClCompile Include="MiniMaxRowWeight3EvalInC.c">
      <Filter>Source Files\Gameplay Source Files\C Source Files</Filter>
    </ClCompile>
    <ClCompile Include="PlayerMiniMaxRowWeight1Eval.cpp">
      <Filter>Source Files\Gameplay Source Files\C++ Source Files</Filter>
    </ClCompile>
    <ClCompile Include="PlayerMiniMaxRowWeight1EvalDepth5.cpp">
      <Filter>Source Files\Gameplay Source Files\C++ Source Files</Filter>
    </ClCompile>
    <ClCompile Include="PlayerMiniMaxRowWeight1EvalDepth10.cpp">
      <Filter>Source Files\Gameplay Source Files\C++ Source Files</Filter>
    </ClCompile>
  </ItemGroup>
  <ItemGroup>
    <Filter Include="Header Files">
      <UniqueIdentifier>{70c47c4c-ce24-4184-82fb-5597c2748966}</UniqueIdentifier>
    </Filter>
    <Filter Include="Source Files">
      <UniqueIdentifier>{183959a7-9f2f-423b-a60c-b60456b92ce6}</UniqueIdentifier>
    </Filter>
    <Filter Include="Resource">
      <UniqueIdentifier>{66832c9e-5a62-46a5-86c3-eeae39463d11}</UniqueIdentifier>
    </Filter>
    <Filter Include="Header Files\Game Engine Header Files">
      <UniqueIdentifier>{fbded4d0-b2f5-4250-9730-65f34fc9af9b}</UniqueIdentifier>
    </Filter>
    <Filter Include="Header Files\Gameplay Header FIles">
      <UniqueIdentifier>{03200721-fedb-4867-93a9-944d2a521d48}</UniqueIdentifier>
    </Filter>
    <Filter Include="Source Files\Game Engine Source Files">
      <UniqueIdentifier>{73b66449-9b6b-4390-98e2-0edb0e87676e}</UniqueIdentifier>
    </Filter>
    <Filter Include="Source Files\Gameplay Source Files">
      <UniqueIdentifier>{42d2c4b2-f8be-4f1f-8106-619c5d9fee32}</UniqueIdentifier>
    </Filter>
    <Filter Include="Source Files\Gameplay Source Files\C Source Files">
      <UniqueIdentifier>{5c16bd58-c184-4e84-9f0c-57d4b83a6e34}</UniqueIdentifier>
    </Filter>
    <Filter Include="Source Files\Gameplay Source Files\C++ Source Files">
      <UniqueIdentifier>{eed31913-d6a5-4694-aa57-f4b4466af70c}</UniqueIdentifier>
    </Filter>
    <Filter Include="Header Files\Gameplay Header FIles\C Header Files">
      <UniqueIdentifier>{bb8abb9c-5b21-4101-b755-08a525a0187d}</UniqueIdentifier>
    </Filter>
    <Filter Include="Header Files\Gameplay Header FIles\C++ Header Files">
      <UniqueIdentifier>{5508457b-00ff-4691-864f-063238ba3009}</UniqueIdentifier>
    </Filter>
  </ItemGroup>
  <ItemGroup>
    <ClInclude Include="AssetManager.hpp">
      <Filter>Header Files\Game Engine Header Files</Filter>
    </ClInclude>
    <ClInclude Include="DEFINITIONS.hpp">
      <Filter>Header Files\Game Engine Header Files</Filter>
    </ClInclude>
    <ClInclude Include="GameManager.hpp">
      <Filter>Header Files\Game Engine Header Files</Filter>
    </ClInclude>
    <ClInclude Include="StateMachine.hpp">
      <Filter>Header Files\Game Engine Header Files</Filter>
    </ClInclude>
    <ClInclude Include="State.hpp">
      <Filter>Header Files\Game Engine Header Files</Filter>
    </ClInclude>
    <ClInclude Include="GameMenuState.hpp">
      <Filter>Header Files\Game Engine Header Files</Filter>
    </ClInclude>
    <ClInclude Include="InputManager.hpp">
      <Filter>Header Files\Game Engine Header Files</Filter>
    </ClInclude>
    <ClInclude Include="GameFuncInC.h">
      <Filter>Header Files\Gameplay Header FIles\C Header Files</Filter>
    </ClInclude>
    <ClInclude Include="LeftMoveInC.h">
      <Filter>Header Files\Gameplay Header FIles\C Header Files</Filter>
    </ClInclude>
    <ClInclude Include="SymmetricMoveinC.h">
      <Filter>Header Files\Gameplay Header FIles\C Header Files</Filter>
    </ClInclude>
    <ClInclude Include="SameColumnMoveInC.h">
      <Filter>Header Files\Gameplay Header FIles\C Header Files</Filter>
    </ClInclude>
    <ClInclude Include="RowEvalInC.h">
      <Filter>Header Files\Gameplay Header FIles\C Header Files</Filter>
    </ClInclude>
    <ClInclude Include="RightMoveInC.h">
      <Filter>Header Files\Gameplay Header FIles\C Header Files</Filter>
    </ClInclude>
    <ClInclude Include="RandomMoveinC.h">
      <Filter>Header Files\Gameplay Header FIles\C Header Files</Filter>
    </ClInclude>
    <ClInclude Include="GameState.hpp">
      <Filter>Header Files\Gameplay Header FIles\C++ Header Files</Filter>
    </ClInclude>
    <ClInclude Include="Player.hpp">
      <Filter>Header Files\Gameplay Header FIles\C++ Header Files</Filter>
    </ClInclude>
    <ClInclude Include="PlayerCopy.hpp">
      <Filter>Header Files\Gameplay Header FIles\C++ Header Files</Filter>
    </ClInclude>
    <ClInclude Include="PlayerLeft.hpp">
      <Filter>Header Files\Gameplay Header FIles\C++ Header Files</Filter>
    </ClInclude>
    <ClInclude Include="PlayerNaiveRowEval.hpp">
      <Filter>Header Files\Gameplay Header FIles\C++ Header Files</Filter>
    </ClInclude>
    <ClInclude Include="PlayerMiniMaxRowEval.hpp">
      <Filter>Header Files\Gameplay Header FIles\C++ Header Files</Filter>
    </ClInclude>
    <ClInclude Include="PlayerRandom.hpp">
      <Filter>Header Files\Gameplay Header FIles\C++ Header Files</Filter>
    </ClInclude>
    <ClInclude Include="PlayerRight.hpp">
      <Filter>Header Files\Gameplay Header FIles\C++ Header Files</Filter>
    </ClInclude>
    <ClInclude Include="PlayerSymmetric.hpp">
      <Filter>Header Files\Gameplay Header FIles\C++ Header Files</Filter>
    </ClInclude>
    <ClInclude Include="PlayerUser.hpp">
      <Filter>Header Files\Gameplay Header FIles\C++ Header Files</Filter>
    </ClInclude>
    <ClInclude Include="NaiveRowEvalMoveInC.h">
      <Filter>Header Files\Gameplay Header FIles\C Header Files</Filter>
    </ClInclude>
    <ClInclude Include="MiniMaxRowEvalInC.h">
      <Filter>Header Files\Gameplay Header FIles\C Header Files</Filter>
    </ClInclude>
    <ClInclude Include="PlayerMiniMaxRowEvalDepth5.hpp">
      <Filter>Header Files\Gameplay Header FIles\C++ Header Files</Filter>
    </ClInclude>
    <ClInclude Include="PlayerMiniMaxRowEvalDepth10.hpp">
      <Filter>Header Files\Gameplay Header FIles\C++ Header Files</Filter>
    </ClInclude>
    <ClInclude Include="MiniMaxABRowEvalInC.h">
      <Filter>Header Files\Gameplay Header FIles\C Header Files</Filter>
    </ClInclude>
    <ClInclude Include="PlayerMiniMaxABRowEval.hpp">
      <Filter>Header Files\Gameplay Header FIles\C++ Header Files</Filter>
    </ClInclude>
    <ClInclude Include="PlayerMiniMaxABRowEvalDepth5.hpp">
      <Filter>Header Files\Gameplay Header FIles\C++ Header Files</Filter>
    </ClInclude>
    <ClInclude Include="PlayerMiniMaxABRowEvalDepth10.hpp">
      <Filter>Header Files\Gameplay Header FIles\C++ Header Files</Filter>
    </ClInclude>
    <ClInclude Include="NegaMaxRowEvalInC.h">
      <Filter>Header Files\Gameplay Header FIles\C Header Files</Filter>
    </ClInclude>
    <ClInclude Include="PlayerNegaMaxRowEval.hpp">
      <Filter>Header Files\Gameplay Header FIles\C++ Header Files</Filter>
    </ClInclude>
    <ClInclude Include="Weight1EvalInC.h">
      <Filter>Header Files\Gameplay Header FIles\C Header Files</Filter>
    </ClInclude>
    <ClInclude Include="HeuristicsWeights.h">
      <Filter>Header Files\Gameplay Header FIles\C Header Files</Filter>
    </ClInclude>
    <ClInclude Include="Weight2EvalInC.h">
      <Filter>Header Files\Gameplay Header FIles\C Header Files</Filter>
    </ClInclude>
    <ClInclude Include="Weight3EvalInC.h">
      <Filter>Header Files\Gameplay Header FIles\C Header Files</Filter>
    </ClInclude>
    <ClInclude Include="RowWithWeight1Eval.h">
      <Filter>Header Files\Gameplay Header FIles\C Header Files</Filter>
    </ClInclude>
    <ClInclude Include="RowWithWeight2Eval.h">
      <Filter>Header Files\Gameplay Header FIles\C Header Files</Filter>
    </ClInclude>
    <ClInclude Include="RowWithWeight3Eval.h">
      <Filter>Header Files\Gameplay Header FIles\C Header Files</Filter>
    </ClInclude>
    <ClInclude Include="NaiveWeight1EvalMoveInC.h">
      <Filter>Header Files\Gameplay Header FIles\C Header Files</Filter>
    </ClInclude>
    <ClInclude Include="NegaMaxABRowEvalInC.h">
      <Filter>Header Files\Gameplay Header FIles\C Header Files</Filter>
    </ClInclude>
    <ClInclude Include="PlayerNegaMaxABRowEval.hpp">
      <Filter>Header Files\Gameplay Header FIles\C++ Header Files</Filter>
    </ClInclude>
    <ClInclude Include="GameFuncInOpenMP.h">
      <Filter>Header Files\Gameplay Header FIles\C Header Files</Filter>
    </ClInclude>
    <ClInclude Include="PlayerNaiveWeight1Eval.hpp">
      <Filter>Header Files\Gameplay Header FIles\C++ Header Files</Filter>
    </ClInclude>
    <ClInclude Include="NaiveWeight2EvalMoveInC.h">
      <Filter>Header Files\Gameplay Header FIles\C Header Files</Filter>
    </ClInclude>
    <ClInclude Include="PlayerNaiveWeight2Eval.hpp">
      <Filter>Header Files\Gameplay Header FIles\C++ Header Files</Filter>
    </ClInclude>
    <ClInclude Include="NaiveWeight3EvalMoveInC.h">
      <Filter>Header Files\Gameplay Header FIles\C Header Files</Filter>
    </ClInclude>
    <ClInclude Include="PlayerNaiveWeight3Eval.hpp">
      <Filter>Header Files\Gameplay Header FIles\C++ Header Files</Filter>
    </ClInclude>
    <ClInclude Include="NaiveRowWeight1EvalMoveInC.h">
      <Filter>Header Files\Gameplay Header FIles\C Header Files</Filter>
    </ClInclude>
    <ClInclude Include="PlayerNaiveRowWeight1Eval.hpp">
      <Filter>Header Files\Gameplay Header FIles\C++ Header Files</Filter>
    </ClInclude>
    <ClInclude Include="NaiveRowWeight2EvalMoveInC.h">
      <Filter>Header Files\Gameplay Header FIles\C Header Files</Filter>
    </ClInclude>
    <ClInclude Include="PlayerNaiveRowWeight2Eval.hpp">
      <Filter>Header Files\Gameplay Header FIles\C++ Header Files</Filter>
    </ClInclude>
    <ClInclude Include="NaiveRowWeight3EvalMoveInC.h">
      <Filter>Header Files\Gameplay Header FIles\C Header Files</Filter>
    </ClInclude>
    <ClInclude Include="PlayerNaiveRowWeight3Eval.hpp">
      <Filter>Header Files\Gameplay Header FIles\C++ Header Files</Filter>
    </ClInclude>
    <ClInclude Include="MiniMaxWeight1EvalInC.h">
      <Filter>Header Files\Gameplay Header FIles\C Header Files</Filter>
    </ClInclude>
    <ClInclude Include="PlayerMiniMaxWeight1Eval.hpp">
      <Filter>Header Files\Gameplay Header FIles\C++ Header Files</Filter>
    </ClInclude>
    <ClInclude Include="PlayerMiniMaxWeight1EvalDepth5.hpp">
      <Filter>Header Files\Gameplay Header FIles\C++ Header Files</Filter>
    </ClInclude>
    <ClInclude Include="PlayerMiniMaxWeight1EvalDepth10.hpp">
      <Filter>Header Files\Gameplay Header FIles\C++ Header Files</Filter>
    </ClInclude>
    <ClInclude Include="MiniMaxWeight2EvalInC.h">
      <Filter>Header Files\Gameplay Header FIles\C Header Files</Filter>
    </ClInclude>
    <ClInclude Include="PlayerMiniMaxWeight2Eval.hpp">
      <Filter>Header Files\Gameplay Header FIles\C++ Header Files</Filter>
    </ClInclude>
    <ClInclude Include="PlayerMiniMaxWeight2EvalDepth5.hpp">
      <Filter>Header Files\Gameplay Header FIles\C++ Header Files</Filter>
    </ClInclude>
    <ClInclude Include="PlayerMiniMaxWeight2EvalDepth10.hpp">
      <Filter>Header Files\Gameplay Header FIles\C++ Header Files</Filter>
    </ClInclude>
    <ClInclude Include="MiniMaxWeight3EvalInC.h">
      <Filter>Header Files\Gameplay Header FIles\C Header Files</Filter>
    </ClInclude>
    <ClInclude Include="PlayerMiniMaxWeight3Eval.hpp">
      <Filter>Header Files\Gameplay Header FIles\C++ Header Files</Filter>
    </ClInclude>
    <ClInclude Include="PlayerMiniMaxWeight3EvalDepth5.hpp">
      <Filter>Header Files\Gameplay Header FIles\C++ Header Files</Filter>
    </ClInclude>
    <ClInclude Include="PlayerMiniMaxWeight3EvalDepth10.hpp">
      <Filter>Header Files\Gameplay Header FIles\C++ Header Files</Filter>
    </ClInclude>
    <ClInclude Include="MiniMaxRowWeight1EvalInC.h">
      <Filter>Header Files\Gameplay Header FIles\C Header Files</Filter>
    </ClInclude>
    <ClInclude Include="MiniMaxRowWeight2EvalInC.h">
      <Filter>Header Files\Gameplay Header FIles\C Header Files</Filter>
    </ClInclude>
    <ClInclude Include="MiniMaxRowWeight3EvalInC.h">
      <Filter>Header Files\Gameplay Header FIles\C Header Files</Filter>
    </ClInclude>
    <ClInclude Include="PlayerMiniMaxRowWeight1Eval.hpp">
      <Filter>Header Files\Gameplay Header FIles\C++ Header Files</Filter>
    </ClInclude>
    <ClInclude Include="PlayerMiniMaxRowWeight1EvalDepth5.hpp">
      <Filter>Header Files\Gameplay Header FIles\C++ Header Files</Filter>
    </ClInclude>
    <ClInclude Include="PlayerMiniMaxRowWeight1EvalDepth10.hpp">
      <Filter>Header Files\Gameplay Header FIles\C++ Header Files</Filter>
    </ClInclude>
  </ItemGroup>
  <ItemGroup>
    <Image Include="Resourses\blue_disc.png">
      <Filter>Resource</Filter>
    </Image>
    <Image Include="Resourses\red_disc.png">
      <Filter>Resource</Filter>
    </Image>
    <Image Include="Resourses\empty_disc.png">
      <Filter>Resource</Filter>
    </Image>
    <Image Include="Resourses\blue_disc_small.png">
      <Filter>Resource</Filter>
    </Image>
    <Image Include="Resourses\red_disc_small.png">
      <Filter>Resource</Filter>
    </Image>
    <Image Include="Resourses\empty_small_disc.png">
      <Filter>Resource</Filter>
    </Image>
    <Image Include="Resourses\blue_win_disc.png">
      <Filter>Resource</Filter>
    </Image>
    <Image Include="Resourses\blue_win_disc_small.png">
      <Filter>Resource</Filter>
    </Image>
    <Image Include="Resourses\red_win_disc.png">
      <Filter>Resource</Filter>
    </Image>
    <Image Include="Resourses\red_win_disc_small.png">
      <Filter>Resource</Filter>
    </Image>
  </ItemGroup>
  <ItemGroup>
    <CudaCompile Include="kernel.cu">
      <Filter>Source Files\Gameplay Source Files\C++ Source Files</Filter>
    </CudaCompile>
  </ItemGroup>
</Project>